
Microsoft Visual Studio Solution File, Format Version 12.00
# Visual Studio Version 16
VisualStudioVersion = 16.0.30204.135
MinimumVisualStudioVersion = 10.0.40219.1
Project("{FAE04EC0-301F-11D3-BF4B-00C04F79EFBC}") = "Exercício", "Exercício\Exercício.csproj", "{81226E2E-DADF-4ECF-99C4-89C366C10EFE}"
EndProject
Global
	GlobalSection(SolutionConfigurationPlatforms) = preSolution
		Debug|Any CPU = Debug|Any CPU
		Release|Any CPU = Release|Any CPU
	EndGlobalSection
	GlobalSection(ProjectConfigurationPlatforms) = postSolution
		{81226E2E-DADF-4ECF-99C4-89C366C10EFE}.Debug|Any CPU.ActiveCfg = Debug|Any CPU
		{81226E2E-DADF-4ECF-99C4-89C366C10EFE}.Debug|Any CPU.Build.0 = Debug|Any CPU
		{81226E2E-DADF-4ECF-99C4-89C366C10EFE}.Release|Any CPU.ActiveCfg = Release|Any CPU
		{81226E2E-DADF-4ECF-99C4-89C366C10EFE}.Release|Any CPU.Build.0 = Release|Any CPU
	EndGlobalSection
	GlobalSection(SolutionProperties) = preSolution
		HideSolutionNode = FALSE
	EndGlobalSection
	GlobalSection(ExtensibilityGlobals) = postSolution
		SolutionGuid = {6561F4D5-2E32-4F7E-8B30-F8B2E6789FAF}
	EndGlobalSection
EndGlobal
